
Microsoft Visual Studio Solution File, Format Version 12.00
# Visual Studio Version 16
VisualStudioVersion = 16.0.33927.289
MinimumVisualStudioVersion = 10.0.40219.1
Project("{FAE04EC0-301F-11D3-BF4B-00C04F79EFBC}") = "Dimas03_1", "Dimas03_1\Dimas03_1.csproj", "{AAFECB04-CB81-404B-BBD1-9984087D2564}"
EndProject
Global
	GlobalSection(SolutionConfigurationPlatforms) = preSolution
		Debug|Any CPU = Debug|Any CPU
		Release|Any CPU = Release|Any CPU
	EndGlobalSection
	GlobalSection(ProjectConfigurationPlatforms) = postSolution
		{AAFECB04-CB81-404B-BBD1-9984087D2564}.Debug|Any CPU.ActiveCfg = Debug|Any CPU
		{AAFECB04-CB81-404B-BBD1-9984087D2564}.Debug|Any CPU.Build.0 = Debug|Any CPU
		{AAFECB04-CB81-404B-BBD1-9984087D2564}.Release|Any CPU.ActiveCfg = Release|Any CPU
		{AAFECB04-CB81-404B-BBD1-9984087D2564}.Release|Any CPU.Build.0 = Release|Any CPU
	EndGlobalSection
	GlobalSection(SolutionProperties) = preSolution
		HideSolutionNode = FALSE
	EndGlobalSection
	GlobalSection(ExtensibilityGlobals) = postSolution
		SolutionGuid = {7C56E9FC-BF9E-4AA0-8AF5-69945857D61A}
	EndGlobalSection
EndGlobal
